
Microsoft Visual Studio Solution File, Format Version 12.00
# Visual Studio 15
Project("{FAE04EC0-301F-11D3-BF4B-00C04F79EFBC}") = "BestHTTP", "BestHTTP.csproj", "{FD9F7697-E0D6-2F12-7529-DFEE729F342C}"
EndProject
Project("{FAE04EC0-301F-11D3-BF4B-00C04F79EFBC}") = "Assembly-CSharp", "Assembly-CSharp.csproj", "{2A53BC25-4D98-7250-58A4-93DE648FBA05}"
EndProject
Project("{FAE04EC0-301F-11D3-BF4B-00C04F79EFBC}") = "Assembly-CSharp-Editor", "Assembly-CSharp-Editor.csproj", "{0B7A9B71-DBCE-4AEF-49D5-5FB8DBF14BBC}"
EndProject
Project("{FAE04EC0-301F-11D3-BF4B-00C04F79EFBC}") = "Assembly-CSharp-firstpass", "Assembly-CSharp-firstpass.csproj", "{0DBEBA25-D3A2-2392-AFA3-92739BAE5711}"
EndProject
Global
	GlobalSection(SolutionConfigurationPlatforms) = preSolution
		Debug|Any CPU = Debug|Any CPU
		Release|Any CPU = Release|Any CPU
	EndGlobalSection
	GlobalSection(ProjectConfigurationPlatforms) = postSolution
		{FD9F7697-E0D6-2F12-7529-DFEE729F342C}.Debug|Any CPU.ActiveCfg = Debug|Any CPU
		{FD9F7697-E0D6-2F12-7529-DFEE729F342C}.Debug|Any CPU.Build.0 = Debug|Any CPU
		{FD9F7697-E0D6-2F12-7529-DFEE729F342C}.Release|Any CPU.ActiveCfg = Release|Any CPU
		{FD9F7697-E0D6-2F12-7529-DFEE729F342C}.Release|Any CPU.Build.0 = Release|Any CPU
		{2A53BC25-4D98-7250-58A4-93DE648FBA05}.Debug|Any CPU.ActiveCfg = Debug|Any CPU
		{2A53BC25-4D98-7250-58A4-93DE648FBA05}.Debug|Any CPU.Build.0 = Debug|Any CPU
		{2A53BC25-4D98-7250-58A4-93DE648FBA05}.Release|Any CPU.ActiveCfg = Release|Any CPU
		{2A53BC25-4D98-7250-58A4-93DE648FBA05}.Release|Any CPU.Build.0 = Release|Any CPU
		{0B7A9B71-DBCE-4AEF-49D5-5FB8DBF14BBC}.Debug|Any CPU.ActiveCfg = Debug|Any CPU
		{0B7A9B71-DBCE-4AEF-49D5-5FB8DBF14BBC}.Debug|Any CPU.Build.0 = Debug|Any CPU
		{0B7A9B71-DBCE-4AEF-49D5-5FB8DBF14BBC}.Release|Any CPU.ActiveCfg = Release|Any CPU
		{0B7A9B71-DBCE-4AEF-49D5-5FB8DBF14BBC}.Release|Any CPU.Build.0 = Release|Any CPU
		{0DBEBA25-D3A2-2392-AFA3-92739BAE5711}.Debug|Any CPU.ActiveCfg = Debug|Any CPU
		{0DBEBA25-D3A2-2392-AFA3-92739BAE5711}.Debug|Any CPU.Build.0 = Debug|Any CPU
		{0DBEBA25-D3A2-2392-AFA3-92739BAE5711}.Release|Any CPU.ActiveCfg = Release|Any CPU
		{0DBEBA25-D3A2-2392-AFA3-92739BAE5711}.Release|Any CPU.Build.0 = Release|Any CPU
	EndGlobalSection
	GlobalSection(SolutionProperties) = preSolution
		HideSolutionNode = FALSE
	EndGlobalSection
EndGlobal
